
Microsoft Visual Studio Solution File, Format Version 12.00
# Visual Studio Version 17
VisualStudioVersion = 17.5.33627.172
MinimumVisualStudioVersion = 10.0.40219.1
Project("{8BC9CEB8-8B4A-11D0-8D11-00A0C91BC942}") = "Assignement8-9", "Assignement8-9\Assignement8-9.vcxproj", "{037D40AD-3233-4515-AABC-86A3EAB82A4D}"
EndProject
Global
	GlobalSection(SolutionConfigurationPlatforms) = preSolution
		Debug|x64 = Debug|x64
		Release|x64 = Release|x64
	EndGlobalSection
	GlobalSection(ProjectConfigurationPlatforms) = postSolution
		{037D40AD-3233-4515-AABC-86A3EAB82A4D}.Debug|x64.ActiveCfg = Debug|x64
		{037D40AD-3233-4515-AABC-86A3EAB82A4D}.Debug|x64.Build.0 = Debug|x64
		{037D40AD-3233-4515-AABC-86A3EAB82A4D}.Release|x64.ActiveCfg = Release|x64
		{037D40AD-3233-4515-AABC-86A3EAB82A4D}.Release|x64.Build.0 = Release|x64
	EndGlobalSection
	GlobalSection(SolutionProperties) = preSolution
		HideSolutionNode = FALSE
	EndGlobalSection
	GlobalSection(ExtensibilityGlobals) = postSolution
		SolutionGuid = {2DB89793-D5E6-4EB5-AB6C-E139C9FC0B15}
	EndGlobalSection
EndGlobal
