
Microsoft Visual Studio Solution File, Format Version 12.00
# Visual Studio Version 17
VisualStudioVersion = 17.5.33627.172
MinimumVisualStudioVersion = 10.0.40219.1
Project("{8BC9CEB8-8B4A-11D0-8D11-00A0C91BC942}") = "ADTQueue", "ADTQueue\ADTQueue.vcxproj", "{09E069E9-3365-4686-9AFA-30F0DF02F97D}"
EndProject
Global
	GlobalSection(SolutionConfigurationPlatforms) = preSolution
		Debug|x64 = Debug|x64
		Debug|x86 = Debug|x86
		Release|x64 = Release|x64
		Release|x86 = Release|x86
	EndGlobalSection
	GlobalSection(ProjectConfigurationPlatforms) = postSolution
		{09E069E9-3365-4686-9AFA-30F0DF02F97D}.Debug|x64.ActiveCfg = Debug|x64
		{09E069E9-3365-4686-9AFA-30F0DF02F97D}.Debug|x64.Build.0 = Debug|x64
		{09E069E9-3365-4686-9AFA-30F0DF02F97D}.Debug|x86.ActiveCfg = Debug|Win32
		{09E069E9-3365-4686-9AFA-30F0DF02F97D}.Debug|x86.Build.0 = Debug|Win32
		{09E069E9-3365-4686-9AFA-30F0DF02F97D}.Release|x64.ActiveCfg = Release|x64
		{09E069E9-3365-4686-9AFA-30F0DF02F97D}.Release|x64.Build.0 = Release|x64
		{09E069E9-3365-4686-9AFA-30F0DF02F97D}.Release|x86.ActiveCfg = Release|Win32
		{09E069E9-3365-4686-9AFA-30F0DF02F97D}.Release|x86.Build.0 = Release|Win32
	EndGlobalSection
	GlobalSection(SolutionProperties) = preSolution
		HideSolutionNode = FALSE
	EndGlobalSection
	GlobalSection(ExtensibilityGlobals) = postSolution
		SolutionGuid = {AF213661-97FE-4BE0-A888-9B8649853911}
	EndGlobalSection
EndGlobal
